# generated by rye
# use `rye lock` or `rye sync` to update this lockfile
#
# last locked with the following flags:
#   pre: false
#   features: []
#   all-features: false
#   with-sources: false
#   generate-hashes: false
#   universal: false

-e file:.
imapclient==3.0.1
    # via pytoolsz-lnx
markdown-it-py==3.0.0
    # via rich
mdurl==0.1.2
    # via markdown-it-py
pendulum==3.1.0
    # via pytoolsz-lnx
pygments==2.19.1
    # via rich
python-dateutil==2.9.0.post0
    # via pendulum
rich==14.0.0
    # via pytoolsz-lnx
six==1.17.0
    # via python-dateutil
tzdata==2025.2
    # via pendulum
