# This file is automatically @generated by Poetry 2.1.3 and should not be changed by hand.

[[package]]
name = "colorama"
version = "0.4.6"
description = "Cross-platform colored terminal text."
optional = false
python-versions = "!=3.0.*,!=3.1.*,!=3.2.*,!=3.3.*,!=3.4.*,!=3.5.*,!=3.6.*,>=2.7"
groups = ["dev"]
markers = "sys_platform == \"win32\""
files = [
    {file = "colorama-0.4.6-py2.py3-none-any.whl", hash = "sha256:4f1d9991f5acc0ca119f9d443620b77f9d6b33703e51011c16baf57afb285fc6"},
    {file = "colorama-0.4.6.tar.gz", hash = "sha256:08695f5cb7ed6e0531a20572697297273c47b8cae5a63ffc6d6ed5c201be6e44"},
]

[[package]]
name = "confluent-kafka"
version = "2.10.0"
description = "Confluent's Python client for Apache Kafka"
optional = false
python-versions = ">=3.7"
groups = ["main"]
files = [
    {file = "confluent_kafka-2.10.0-cp310-cp310-macosx_10_9_x86_64.whl", hash = "sha256:635c62a51ec31ff82864043120dbc7c61eb62abf4e0682cc6ee8526e9b04e16d"},
    {file = "confluent_kafka-2.10.0-cp310-cp310-macosx_11_0_arm64.whl", hash = "sha256:32f5ea8ecee98d1c1afd523115cbdb719a6f87b852c19b8898fa76db95ec5f4a"},
    {file = "confluent_kafka-2.10.0-cp310-cp310-manylinux_2_28_aarch64.whl", hash = "sha256:46734d24b0e0c8fd84b05174a7338a71eb3a7d34a494e4c458838f89c537508f"},
    {file = "confluent_kafka-2.10.0-cp310-cp310-manylinux_2_28_x86_64.whl", hash = "sha256:413d7a3d4caca6b2c28dbe86595ef17af83d679edea403bcb75fd5af3bd5afa7"},
    {file = "confluent_kafka-2.10.0-cp310-cp310-win_amd64.whl", hash = "sha256:7eead1134e3aae9380bf5c923d93e25052cfca5b6a55bf99d11ebadf3ec6f21e"},
    {file = "confluent_kafka-2.10.0-cp311-cp311-macosx_10_9_x86_64.whl", hash = "sha256:1448d6a5e8afd99c81221db2fd7cf33bd2079ce04df8ff5882b208911b0112a7"},
    {file = "confluent_kafka-2.10.0-cp311-cp311-macosx_11_0_arm64.whl", hash = "sha256:965743d6832d3947c29970eeeedcb3728dfe69b5296fd5578fdb18ce39792318"},
    {file = "confluent_kafka-2.10.0-cp311-cp311-manylinux_2_28_aarch64.whl", hash = "sha256:4e4d4350f66eb3c4cd987f603f08974e461ce732dc63741744e09e0b490a3b1d"},
    {file = "confluent_kafka-2.10.0-cp311-cp311-manylinux_2_28_x86_64.whl", hash = "sha256:7eae0c1e49fb42e5085555c4387102034c0fe3194e2572049769ef4c30f733cc"},
    {file = "confluent_kafka-2.10.0-cp311-cp311-win_amd64.whl", hash = "sha256:82800e5cf27e21a7bbccb5aa6f2d9114ab253364526b08b0b97614369bf95612"},
    {file = "confluent_kafka-2.10.0-cp312-cp312-macosx_10_9_x86_64.whl", hash = "sha256:2268a607d374325e3a8fc779d8639de4344ce4d1ad2b88e8f9d13d97baae4e71"},
    {file = "confluent_kafka-2.10.0-cp312-cp312-macosx_11_0_arm64.whl", hash = "sha256:a89e9ba5c8e18891b3bbf333001a9e12af43bd5bc3c3353065109582f3f078fc"},
    {file = "confluent_kafka-2.10.0-cp312-cp312-manylinux_2_28_aarch64.whl", hash = "sha256:7252fee8d7287bae71f1a506967b3782e67ba5b699c4d095d16fabce92a63cfd"},
    {file = "confluent_kafka-2.10.0-cp312-cp312-manylinux_2_28_x86_64.whl", hash = "sha256:ddb9400786eedd8a6c0cbcceaddb8329a2597f4c02dc72389e83859da47d22d6"},
    {file = "confluent_kafka-2.10.0-cp312-cp312-win_amd64.whl", hash = "sha256:ef5aad8c04c54fe6ef89dc08a4ba24a80be90b05bbbc3348370c1c51222e0a5e"},
    {file = "confluent_kafka-2.10.0-cp313-cp313-macosx_13_0_arm64.whl", hash = "sha256:10230c3da4cd047cf488cef405f6e209da4e8403c0e52e45b89b1d878420082b"},
    {file = "confluent_kafka-2.10.0-cp313-cp313-macosx_13_0_x86_64.whl", hash = "sha256:514c4a4dcb522aacdc17fa3e2751ae8670553850c9e22844ac997ec6459b3a48"},
    {file = "confluent_kafka-2.10.0-cp313-cp313-manylinux_2_28_aarch64.whl", hash = "sha256:bf706b1ebb540276791b5c42ac624c93195c34782848b24b2da1467caeef479b"},
    {file = "confluent_kafka-2.10.0-cp313-cp313-manylinux_2_28_x86_64.whl", hash = "sha256:6b8b057d436d82c1b2d819915d03e2b446bfa55403acd440f9222509ba2147de"},
    {file = "confluent_kafka-2.10.0-cp313-cp313-win_amd64.whl", hash = "sha256:649ccde18b4f2ff509a16093a06ca13629e4f4b3146d4ef5a82805c869cf8cbd"},
    {file = "confluent_kafka-2.10.0-cp37-cp37m-macosx_10_9_x86_64.whl", hash = "sha256:9a80084018177238dbe0dd6562c46259e1883e2eaf9eef8945bf74f13fc69b5c"},
    {file = "confluent_kafka-2.10.0-cp37-cp37m-manylinux_2_28_aarch64.whl", hash = "sha256:bba76d0965b31e61c9d7a45831e8f801f089af98a781508b74daeac54268b883"},
    {file = "confluent_kafka-2.10.0-cp37-cp37m-manylinux_2_28_x86_64.whl", hash = "sha256:e7dd3a0607139ed3de4d3c511861ff8a84af0f04c47acb6c899f033540027c58"},
    {file = "confluent_kafka-2.10.0-cp37-cp37m-win_amd64.whl", hash = "sha256:13f49fe760ff33c43c852c3e09ef7a914efea9a8a7e553080e13d611cd3eedad"},
    {file = "confluent_kafka-2.10.0-cp38-cp38-macosx_10_9_x86_64.whl", hash = "sha256:5784cf3301470ce85a41b5dbcf1b7d4fe0ac31eee120f3c184b18ed79f32dc9f"},
    {file = "confluent_kafka-2.10.0-cp38-cp38-macosx_11_0_arm64.whl", hash = "sha256:30d40b0b43f0e15d830b610640eeb625ebd49cc792254fcdcd5ae7396d91004d"},
    {file = "confluent_kafka-2.10.0-cp38-cp38-manylinux_2_28_aarch64.whl", hash = "sha256:5a7a16592ce6c5fffdfec4f587ab887f478e68f70df14484184e4e8ec3a86c90"},
    {file = "confluent_kafka-2.10.0-cp38-cp38-manylinux_2_28_x86_64.whl", hash = "sha256:b81d70ba4fbb81350daccea9de7d99f190bb02bc4d0dfbb151ce9ddee501e245"},
    {file = "confluent_kafka-2.10.0-cp38-cp38-win_amd64.whl", hash = "sha256:0fb9ea56dc8d1773678f7ea3c1a1c0f59001502c8ff44df79142ab471915e81e"},
    {file = "confluent_kafka-2.10.0-cp39-cp39-macosx_10_9_x86_64.whl", hash = "sha256:3e1915c428c044a5764fdd79cd12e94c961d9e74863ae1440287141173bf3138"},
    {file = "confluent_kafka-2.10.0-cp39-cp39-macosx_11_0_arm64.whl", hash = "sha256:6b692f7e1af2c2085a342ffb0d1c2d0fd6664b3bff43a3c092c0c4d2c6c8f77b"},
    {file = "confluent_kafka-2.10.0-cp39-cp39-manylinux_2_28_aarch64.whl", hash = "sha256:d5e841e2e2a75fab254acf806449ce013d4e72470bf0aa7c96469fa9b3829693"},
    {file = "confluent_kafka-2.10.0-cp39-cp39-manylinux_2_28_x86_64.whl", hash = "sha256:735c560ecb076e33eb5e14741a1cd55023f0cbc156e4d09f8591dcf9e55efc0b"},
    {file = "confluent_kafka-2.10.0-cp39-cp39-win_amd64.whl", hash = "sha256:84c4e50aaf0a51402810bd82cc3b9601a17c866fb44a1aa310b7686009d06b56"},
    {file = "confluent_kafka-2.10.0.tar.gz", hash = "sha256:30a346908f3ad49c4bc1cb5557e7a8ce484190f8633aa18f9b87b2620809ac13"},
]

[package.extras]
all = ["attrs", "attrs", "authlib", "avro (>=1.11.1,<2)", "avro (>=1.11.1,<2)", "azure-identity", "azure-identity", "azure-keyvault-keys", "azure-keyvault-keys", "boto3", "boto3 (>=1.35)", "cachetools", "cachetools", "cel-python (>=0.1.5)", "cel-python (>=0.1.5)", "confluent-kafka", "fastapi", "fastavro (<1.8.0) ; python_version == \"3.7\"", "fastavro (<1.8.0) ; python_version == \"3.7\"", "fastavro (<2) ; python_version > \"3.7\"", "fastavro (<2) ; python_version > \"3.7\"", "flake8", "google-api-core", "google-api-core", "google-auth", "google-auth", "google-cloud-kms", "google-cloud-kms", "googleapis-common-protos", "googleapis-common-protos", "hkdf (==0.0.3)", "hkdf (==0.0.3)", "httpx", "httpx (>=0.26)", "hvac", "hvac", "jsonata-python", "jsonata-python", "jsonschema", "jsonschema", "opentelemetry-distro", "opentelemetry-exporter-otlp", "orjson", "protobuf", "protobuf", "psutil", "pydantic", "pyrsistent", "pyrsistent", "pytest", "pytest-timeout", "pytest_cov", "pyyaml (>=6.0.0)", "pyyaml (>=6.0.0)", "requests", "requests", "requests-mock", "respx", "six", "sphinx", "sphinx-rtd-theme", "tink", "tink", "urllib3 (<2) ; python_version <= \"3.7\"", "urllib3 (<3) ; python_version > \"3.7\"", "uvicorn"]
avro = ["attrs", "authlib", "avro (>=1.11.1,<2)", "cachetools", "fastavro (<1.8.0) ; python_version == \"3.7\"", "fastavro (<2) ; python_version > \"3.7\"", "httpx (>=0.26)", "requests"]
dev = ["attrs", "attrs", "authlib", "avro (>=1.11.1,<2)", "avro (>=1.11.1,<2)", "azure-identity", "azure-identity", "azure-keyvault-keys", "azure-keyvault-keys", "boto3", "boto3 (>=1.35)", "cachetools", "cachetools", "cel-python (>=0.1.5)", "cel-python (>=0.1.5)", "confluent-kafka", "fastapi", "fastavro (<1.8.0) ; python_version == \"3.7\"", "fastavro (<1.8.0) ; python_version == \"3.7\"", "fastavro (<2) ; python_version > \"3.7\"", "fastavro (<2) ; python_version > \"3.7\"", "flake8", "google-api-core", "google-api-core", "google-auth", "google-auth", "google-cloud-kms", "google-cloud-kms", "googleapis-common-protos", "googleapis-common-protos", "hkdf (==0.0.3)", "hkdf (==0.0.3)", "httpx", "httpx (>=0.26)", "hvac", "hvac", "jsonata-python", "jsonata-python", "jsonschema", "jsonschema", "orjson", "protobuf", "protobuf", "pydantic", "pyrsistent", "pyrsistent", "pytest", "pytest-timeout", "pytest_cov", "pyyaml (>=6.0.0)", "pyyaml (>=6.0.0)", "requests", "requests", "requests-mock", "respx", "six", "sphinx", "sphinx-rtd-theme", "tink", "tink", "urllib3 (<2) ; python_version <= \"3.7\"", "urllib3 (<3) ; python_version > \"3.7\"", "uvicorn"]
docs = ["attrs", "authlib", "avro (>=1.11.1,<2)", "azure-identity", "azure-keyvault-keys", "boto3 (>=1.35)", "cachetools", "cel-python (>=0.1.5)", "fastavro (<1.8.0) ; python_version == \"3.7\"", "fastavro (<2) ; python_version > \"3.7\"", "google-api-core", "google-auth", "google-cloud-kms", "googleapis-common-protos", "hkdf (==0.0.3)", "httpx (>=0.26)", "hvac", "jsonata-python", "jsonschema", "protobuf", "pyrsistent", "pyyaml (>=6.0.0)", "requests", "sphinx", "sphinx-rtd-theme", "tink"]
examples = ["attrs", "avro (>=1.11.1,<2)", "azure-identity", "azure-keyvault-keys", "boto3", "cachetools", "cel-python (>=0.1.5)", "confluent-kafka", "fastapi", "fastavro (<1.8.0) ; python_version == \"3.7\"", "fastavro (<2) ; python_version > \"3.7\"", "google-api-core", "google-auth", "google-cloud-kms", "googleapis-common-protos", "hkdf (==0.0.3)", "httpx", "hvac", "jsonata-python", "jsonschema", "protobuf", "pydantic", "pyrsistent", "pyyaml (>=6.0.0)", "requests", "six", "tink", "uvicorn"]
json = ["attrs", "authlib", "cachetools", "httpx (>=0.26)", "jsonschema", "pyrsistent"]
protobuf = ["attrs", "authlib", "cachetools", "googleapis-common-protos", "httpx (>=0.26)", "protobuf"]
rules = ["attrs", "authlib", "azure-identity", "azure-keyvault-keys", "boto3 (>=1.35)", "cachetools", "cel-python (>=0.1.5)", "google-api-core", "google-auth", "google-cloud-kms", "hkdf (==0.0.3)", "httpx (>=0.26)", "hvac", "jsonata-python", "pyyaml (>=6.0.0)", "tink"]
schema-registry = ["attrs", "authlib", "cachetools", "httpx (>=0.26)"]
schemaregistry = ["attrs", "authlib", "cachetools", "httpx (>=0.26)"]
soaktest = ["opentelemetry-distro", "opentelemetry-exporter-otlp", "psutil"]
tests = ["attrs", "authlib", "avro (>=1.11.1,<2)", "azure-identity", "azure-keyvault-keys", "boto3 (>=1.35)", "cachetools", "cel-python (>=0.1.5)", "fastavro (<1.8.0) ; python_version == \"3.7\"", "fastavro (<2) ; python_version > \"3.7\"", "flake8", "google-api-core", "google-auth", "google-cloud-kms", "googleapis-common-protos", "hkdf (==0.0.3)", "httpx (>=0.26)", "hvac", "jsonata-python", "jsonschema", "orjson", "protobuf", "pyrsistent", "pytest", "pytest-timeout", "pytest_cov", "pyyaml (>=6.0.0)", "requests", "requests-mock", "respx", "tink", "urllib3 (<2) ; python_version <= \"3.7\"", "urllib3 (<3) ; python_version > \"3.7\""]

[[package]]
name = "coverage"
version = "7.8.2"
description = "Code coverage measurement for Python"
optional = false
python-versions = ">=3.9"
groups = ["dev"]
files = [
    {file = "coverage-7.8.2-cp310-cp310-macosx_10_9_x86_64.whl", hash = "sha256:bd8ec21e1443fd7a447881332f7ce9d35b8fbd2849e761bb290b584535636b0a"},
    {file = "coverage-7.8.2-cp310-cp310-macosx_11_0_arm64.whl", hash = "sha256:4c26c2396674816deaeae7ded0e2b42c26537280f8fe313335858ffff35019be"},
    {file = "coverage-7.8.2-cp310-cp310-manylinux_2_17_aarch64.manylinux2014_aarch64.whl", hash = "sha256:1aec326ed237e5880bfe69ad41616d333712c7937bcefc1343145e972938f9b3"},
    {file = "coverage-7.8.2-cp310-cp310-manylinux_2_5_i686.manylinux1_i686.manylinux_2_17_i686.manylinux2014_i686.whl", hash = "sha256:5e818796f71702d7a13e50c70de2a1924f729228580bcba1607cccf32eea46e6"},
    {file = "coverage-7.8.2-cp310-cp310-manylinux_2_5_x86_64.manylinux1_x86_64.manylinux_2_17_x86_64.manylinux2014_x86_64.whl", hash = "sha256:546e537d9e24efc765c9c891328f30f826e3e4808e31f5d0f87c4ba12bbd1622"},
    {file = "coverage-7.8.2-cp310-cp310-musllinux_1_2_aarch64.whl", hash = "sha256:ab9b09a2349f58e73f8ebc06fac546dd623e23b063e5398343c5270072e3201c"},
    {file = "coverage-7.8.2-cp310-cp310-musllinux_1_2_i686.whl", hash = "sha256:fd51355ab8a372d89fb0e6a31719e825cf8df8b6724bee942fb5b92c3f016ba3"},
    {file = "coverage-7.8.2-cp310-cp310-musllinux_1_2_x86_64.whl", hash = "sha256:0774df1e093acb6c9e4d58bce7f86656aeed6c132a16e2337692c12786b32404"},
    {file = "coverage-7.8.2-cp310-cp310-win32.whl", hash = "sha256:00f2e2f2e37f47e5f54423aeefd6c32a7dbcedc033fcd3928a4f4948e8b96af7"},
    {file = "coverage-7.8.2-cp310-cp310-win_amd64.whl", hash = "sha256:145b07bea229821d51811bf15eeab346c236d523838eda395ea969d120d13347"},
    {file = "coverage-7.8.2-cp311-cp311-macosx_10_9_x86_64.whl", hash = "sha256:b99058eef42e6a8dcd135afb068b3d53aff3921ce699e127602efff9956457a9"},
    {file = "coverage-7.8.2-cp311-cp311-macosx_11_0_arm64.whl", hash = "sha256:5feb7f2c3e6ea94d3b877def0270dff0947b8d8c04cfa34a17be0a4dc1836879"},
    {file = "coverage-7.8.2-cp311-cp311-manylinux_2_17_aarch64.manylinux2014_aarch64.whl", hash = "sha256:670a13249b957bb9050fab12d86acef7bf8f6a879b9d1a883799276e0d4c674a"},
    {file = "coverage-7.8.2-cp311-cp311-manylinux_2_5_i686.manylinux1_i686.manylinux_2_17_i686.manylinux2014_i686.whl", hash = "sha256:0bdc8bf760459a4a4187b452213e04d039990211f98644c7292adf1e471162b5"},
    {file = "coverage-7.8.2-cp311-cp311-manylinux_2_5_x86_64.manylinux1_x86_64.manylinux_2_17_x86_64.manylinux2014_x86_64.whl", hash = "sha256:07a989c867986c2a75f158f03fdb413128aad29aca9d4dbce5fc755672d96f11"},
    {file = "coverage-7.8.2-cp311-cp311-musllinux_1_2_aarch64.whl", hash = "sha256:2db10dedeb619a771ef0e2949ccba7b75e33905de959c2643a4607bef2f3fb3a"},
    {file = "coverage-7.8.2-cp311-cp311-musllinux_1_2_i686.whl", hash = "sha256:e6ea7dba4e92926b7b5f0990634b78ea02f208d04af520c73a7c876d5a8d36cb"},
    {file = "coverage-7.8.2-cp311-cp311-musllinux_1_2_x86_64.whl", hash = "sha256:ef2f22795a7aca99fc3c84393a55a53dd18ab8c93fb431004e4d8f0774150f54"},
    {file = "coverage-7.8.2-cp311-cp311-win32.whl", hash = "sha256:641988828bc18a6368fe72355df5f1703e44411adbe49bba5644b941ce6f2e3a"},
    {file = "coverage-7.8.2-cp311-cp311-win_amd64.whl", hash = "sha256:8ab4a51cb39dc1933ba627e0875046d150e88478dbe22ce145a68393e9652975"},
    {file = "coverage-7.8.2-cp311-cp311-win_arm64.whl", hash = "sha256:8966a821e2083c74d88cca5b7dcccc0a3a888a596a04c0b9668a891de3a0cc53"},
    {file = "coverage-7.8.2-cp312-cp312-macosx_10_13_x86_64.whl", hash = "sha256:e2f6fe3654468d061942591aef56686131335b7a8325684eda85dacdf311356c"},
    {file = "coverage-7.8.2-cp312-cp312-macosx_11_0_arm64.whl", hash = "sha256:76090fab50610798cc05241bf83b603477c40ee87acd358b66196ab0ca44ffa1"},
    {file = "coverage-7.8.2-cp312-cp312-manylinux_2_17_aarch64.manylinux2014_aarch64.whl", hash = "sha256:2bd0a0a5054be160777a7920b731a0570284db5142abaaf81bcbb282b8d99279"},
    {file = "coverage-7.8.2-cp312-cp312-manylinux_2_5_i686.manylinux1_i686.manylinux_2_17_i686.manylinux2014_i686.whl", hash = "sha256:da23ce9a3d356d0affe9c7036030b5c8f14556bd970c9b224f9c8205505e3b99"},
    {file = "coverage-7.8.2-cp312-cp312-manylinux_2_5_x86_64.manylinux1_x86_64.manylinux_2_17_x86_64.manylinux2014_x86_64.whl", hash = "sha256:c9392773cffeb8d7e042a7b15b82a414011e9d2b5fdbbd3f7e6a6b17d5e21b20"},
    {file = "coverage-7.8.2-cp312-cp312-musllinux_1_2_aarch64.whl", hash = "sha256:876cbfd0b09ce09d81585d266c07a32657beb3eaec896f39484b631555be0fe2"},
    {file = "coverage-7.8.2-cp312-cp312-musllinux_1_2_i686.whl", hash = "sha256:3da9b771c98977a13fbc3830f6caa85cae6c9c83911d24cb2d218e9394259c57"},
    {file = "coverage-7.8.2-cp312-cp312-musllinux_1_2_x86_64.whl", hash = "sha256:9a990f6510b3292686713bfef26d0049cd63b9c7bb17e0864f133cbfd2e6167f"},
    {file = "coverage-7.8.2-cp312-cp312-win32.whl", hash = "sha256:bf8111cddd0f2b54d34e96613e7fbdd59a673f0cf5574b61134ae75b6f5a33b8"},
    {file = "coverage-7.8.2-cp312-cp312-win_amd64.whl", hash = "sha256:86a323a275e9e44cdf228af9b71c5030861d4d2610886ab920d9945672a81223"},
    {file = "coverage-7.8.2-cp312-cp312-win_arm64.whl", hash = "sha256:820157de3a589e992689ffcda8639fbabb313b323d26388d02e154164c57b07f"},
    {file = "coverage-7.8.2-cp313-cp313-macosx_10_13_x86_64.whl", hash = "sha256:ea561010914ec1c26ab4188aef8b1567272ef6de096312716f90e5baa79ef8ca"},
    {file = "coverage-7.8.2-cp313-cp313-macosx_11_0_arm64.whl", hash = "sha256:cb86337a4fcdd0e598ff2caeb513ac604d2f3da6d53df2c8e368e07ee38e277d"},
    {file = "coverage-7.8.2-cp313-cp313-manylinux_2_17_aarch64.manylinux2014_aarch64.whl", hash = "sha256:26a4636ddb666971345541b59899e969f3b301143dd86b0ddbb570bd591f1e85"},
    {file = "coverage-7.8.2-cp313-cp313-manylinux_2_5_i686.manylinux1_i686.manylinux_2_17_i686.manylinux2014_i686.whl", hash = "sha256:5040536cf9b13fb033f76bcb5e1e5cb3b57c4807fef37db9e0ed129c6a094257"},
    {file = "coverage-7.8.2-cp313-cp313-manylinux_2_5_x86_64.manylinux1_x86_64.manylinux_2_17_x86_64.manylinux2014_x86_64.whl", hash = "sha256:dc67994df9bcd7e0150a47ef41278b9e0a0ea187caba72414b71dc590b99a108"},
    {file = "coverage-7.8.2-cp313-cp313-musllinux_1_2_aarch64.whl", hash = "sha256:6e6c86888fd076d9e0fe848af0a2142bf606044dc5ceee0aa9eddb56e26895a0"},
    {file = "coverage-7.8.2-cp313-cp313-musllinux_1_2_i686.whl", hash = "sha256:684ca9f58119b8e26bef860db33524ae0365601492e86ba0b71d513f525e7050"},
    {file = "coverage-7.8.2-cp313-cp313-musllinux_1_2_x86_64.whl", hash = "sha256:8165584ddedb49204c4e18da083913bdf6a982bfb558632a79bdaadcdafd0d48"},
    {file = "coverage-7.8.2-cp313-cp313-win32.whl", hash = "sha256:34759ee2c65362163699cc917bdb2a54114dd06d19bab860725f94ef45a3d9b7"},
    {file = "coverage-7.8.2-cp313-cp313-win_amd64.whl", hash = "sha256:2f9bc608fbafaee40eb60a9a53dbfb90f53cc66d3d32c2849dc27cf5638a21e3"},
    {file = "coverage-7.8.2-cp313-cp313-win_arm64.whl", hash = "sha256:9fe449ee461a3b0c7105690419d0b0aba1232f4ff6d120a9e241e58a556733f7"},
    {file = "coverage-7.8.2-cp313-cp313t-macosx_10_13_x86_64.whl", hash = "sha256:8369a7c8ef66bded2b6484053749ff220dbf83cba84f3398c84c51a6f748a008"},
    {file = "coverage-7.8.2-cp313-cp313t-macosx_11_0_arm64.whl", hash = "sha256:159b81df53a5fcbc7d45dae3adad554fdbde9829a994e15227b3f9d816d00b36"},
    {file = "coverage-7.8.2-cp313-cp313t-manylinux_2_17_aarch64.manylinux2014_aarch64.whl", hash = "sha256:e6fcbbd35a96192d042c691c9e0c49ef54bd7ed865846a3c9d624c30bb67ce46"},
    {file = "coverage-7.8.2-cp313-cp313t-manylinux_2_5_i686.manylinux1_i686.manylinux_2_17_i686.manylinux2014_i686.whl", hash = "sha256:05364b9cc82f138cc86128dc4e2e1251c2981a2218bfcd556fe6b0fbaa3501be"},
    {file = "coverage-7.8.2-cp313-cp313t-manylinux_2_5_x86_64.manylinux1_x86_64.manylinux_2_17_x86_64.manylinux2014_x86_64.whl", hash = "sha256:46d532db4e5ff3979ce47d18e2fe8ecad283eeb7367726da0e5ef88e4fe64740"},
    {file = "coverage-7.8.2-cp313-cp313t-musllinux_1_2_aarch64.whl", hash = "sha256:4000a31c34932e7e4fa0381a3d6deb43dc0c8f458e3e7ea6502e6238e10be625"},
    {file = "coverage-7.8.2-cp313-cp313t-musllinux_1_2_i686.whl", hash = "sha256:43ff5033d657cd51f83015c3b7a443287250dc14e69910577c3e03bd2e06f27b"},
    {file = "coverage-7.8.2-cp313-cp313t-musllinux_1_2_x86_64.whl", hash = "sha256:94316e13f0981cbbba132c1f9f365cac1d26716aaac130866ca812006f662199"},
    {file = "coverage-7.8.2-cp313-cp313t-win32.whl", hash = "sha256:3f5673888d3676d0a745c3d0e16da338c5eea300cb1f4ada9c872981265e76d8"},
    {file = "coverage-7.8.2-cp313-cp313t-win_amd64.whl", hash = "sha256:2c08b05ee8d7861e45dc5a2cc4195c8c66dca5ac613144eb6ebeaff2d502e73d"},
    {file = "coverage-7.8.2-cp313-cp313t-win_arm64.whl", hash = "sha256:1e1448bb72b387755e1ff3ef1268a06617afd94188164960dba8d0245a46004b"},
    {file = "coverage-7.8.2-cp39-cp39-macosx_10_9_x86_64.whl", hash = "sha256:496948261eaac5ac9cf43f5d0a9f6eb7a6d4cb3bedb2c5d294138142f5c18f2a"},
    {file = "coverage-7.8.2-cp39-cp39-macosx_11_0_arm64.whl", hash = "sha256:eacd2de0d30871eff893bab0b67840a96445edcb3c8fd915e6b11ac4b2f3fa6d"},
    {file = "coverage-7.8.2-cp39-cp39-manylinux_2_17_aarch64.manylinux2014_aarch64.whl", hash = "sha256:b039ffddc99ad65d5078ef300e0c7eed08c270dc26570440e3ef18beb816c1ca"},
    {file = "coverage-7.8.2-cp39-cp39-manylinux_2_5_i686.manylinux1_i686.manylinux_2_17_i686.manylinux2014_i686.whl", hash = "sha256:0e49824808d4375ede9dd84e9961a59c47f9113039f1a525e6be170aa4f5c34d"},
    {file = "coverage-7.8.2-cp39-cp39-manylinux_2_5_x86_64.manylinux1_x86_64.manylinux_2_17_x86_64.manylinux2014_x86_64.whl", hash = "sha256:b069938961dfad881dc2f8d02b47645cd2f455d3809ba92a8a687bf513839787"},
    {file = "coverage-7.8.2-cp39-cp39-musllinux_1_2_aarch64.whl", hash = "sha256:de77c3ba8bb686d1c411e78ee1b97e6e0b963fb98b1637658dd9ad2c875cf9d7"},
    {file = "coverage-7.8.2-cp39-cp39-musllinux_1_2_i686.whl", hash = "sha256:1676628065a498943bd3f64f099bb573e08cf1bc6088bbe33cf4424e0876f4b3"},
    {file = "coverage-7.8.2-cp39-cp39-musllinux_1_2_x86_64.whl", hash = "sha256:8e1a26e7e50076e35f7afafde570ca2b4d7900a491174ca357d29dece5aacee7"},
    {file = "coverage-7.8.2-cp39-cp39-win32.whl", hash = "sha256:6782a12bf76fa61ad9350d5a6ef5f3f020b57f5e6305cbc663803f2ebd0f270a"},
    {file = "coverage-7.8.2-cp39-cp39-win_amd64.whl", hash = "sha256:1efa4166ba75ccefd647f2d78b64f53f14fb82622bc94c5a5cb0a622f50f1c9e"},
    {file = "coverage-7.8.2-pp39.pp310.pp311-none-any.whl", hash = "sha256:ec455eedf3ba0bbdf8f5a570012617eb305c63cb9f03428d39bf544cb2b94837"},
    {file = "coverage-7.8.2-py3-none-any.whl", hash = "sha256:726f32ee3713f7359696331a18daf0c3b3a70bb0ae71141b9d3c52be7c595e32"},
    {file = "coverage-7.8.2.tar.gz", hash = "sha256:a886d531373a1f6ff9fad2a2ba4a045b68467b779ae729ee0b3b10ac20033b27"},
]

[package.extras]
toml = ["tomli ; python_full_version <= \"3.11.0a6\""]

[[package]]
name = "iniconfig"
version = "2.1.0"
description = "brain-dead simple config-ini parsing"
optional = false
python-versions = ">=3.8"
groups = ["dev"]
files = [
    {file = "iniconfig-2.1.0-py3-none-any.whl", hash = "sha256:9deba5723312380e77435581c6bf4935c94cbfab9b1ed33ef8d238ea168eb760"},
    {file = "iniconfig-2.1.0.tar.gz", hash = "sha256:3abbd2e30b36733fee78f9c7f7308f2d0050e88f0087fd25c2645f63c773e1c7"},
]

[[package]]
name = "neo4j"
version = "5.28.1"
description = "Neo4j Bolt driver for Python"
optional = false
python-versions = ">=3.7"
groups = ["main"]
files = [
    {file = "neo4j-5.28.1-py3-none-any.whl", hash = "sha256:6755ef9e5f4e14b403aef1138fb6315b120631a0075c138b5ddb2a06b87b09fd"},
    {file = "neo4j-5.28.1.tar.gz", hash = "sha256:ae8e37a1d895099062c75bc359b2cce62099baac7be768d0eba7180c1298e214"},
]

[package.dependencies]
pytz = "*"

[package.extras]
numpy = ["numpy (>=1.7.0,<3.0.0)"]
pandas = ["numpy (>=1.7.0,<3.0.0)", "pandas (>=1.1.0,<3.0.0)"]
pyarrow = ["pyarrow (>=1.0.0)"]

[[package]]
name = "packaging"
version = "25.0"
description = "Core utilities for Python packages"
optional = false
python-versions = ">=3.8"
groups = ["dev"]
files = [
    {file = "packaging-25.0-py3-none-any.whl", hash = "sha256:29572ef2b1f17581046b3a2227d5c611fb25ec70ca1ba8554b24b0e69331a484"},
    {file = "packaging-25.0.tar.gz", hash = "sha256:d443872c98d677bf60f6a1f2f8c1cb748e8fe762d2bf9d3148b5599295b0fc4f"},
]

[[package]]
name = "pluggy"
version = "1.6.0"
description = "plugin and hook calling mechanisms for python"
optional = false
python-versions = ">=3.9"
groups = ["dev"]
files = [
    {file = "pluggy-1.6.0-py3-none-any.whl", hash = "sha256:e920276dd6813095e9377c0bc5566d94c932c33b27a3e3945d8389c374dd4746"},
    {file = "pluggy-1.6.0.tar.gz", hash = "sha256:7dcc130b76258d33b90f61b658791dede3486c3e6bfb003ee5c9bfb396dd22f3"},
]

[package.extras]
dev = ["pre-commit", "tox"]
testing = ["coverage", "pytest", "pytest-benchmark"]

[[package]]
name = "pytest"
version = "7.4.4"
description = "pytest: simple powerful testing with Python"
optional = false
python-versions = ">=3.7"
groups = ["dev"]
files = [
    {file = "pytest-7.4.4-py3-none-any.whl", hash = "sha256:b090cdf5ed60bf4c45261be03239c2c1c22df034fbffe691abe93cd80cea01d8"},
    {file = "pytest-7.4.4.tar.gz", hash = "sha256:2cf0005922c6ace4a3e2ec8b4080eb0d9753fdc93107415332f50ce9e7994280"},
]

[package.dependencies]
colorama = {version = "*", markers = "sys_platform == \"win32\""}
iniconfig = "*"
packaging = "*"
pluggy = ">=0.12,<2.0"

[package.extras]
testing = ["argcomplete", "attrs (>=19.2.0)", "hypothesis (>=3.56)", "mock", "nose", "pygments (>=2.7.2)", "requests", "setuptools", "xmlschema"]

[[package]]
name = "pytest-asyncio"
version = "0.21.2"
description = "Pytest support for asyncio"
optional = false
python-versions = ">=3.7"
groups = ["dev"]
files = [
    {file = "pytest_asyncio-0.21.2-py3-none-any.whl", hash = "sha256:ab664c88bb7998f711d8039cacd4884da6430886ae8bbd4eded552ed2004f16b"},
    {file = "pytest_asyncio-0.21.2.tar.gz", hash = "sha256:d67738fc232b94b326b9d060750beb16e0074210b98dd8b58a5239fa2a154f45"},
]

[package.dependencies]
pytest = ">=7.0.0"

[package.extras]
docs = ["sphinx (>=5.3)", "sphinx-rtd-theme (>=1.0)"]
testing = ["coverage (>=6.2)", "flaky (>=3.5.0)", "hypothesis (>=5.7.1)", "mypy (>=0.931)", "pytest-trio (>=0.7.0)"]

[[package]]
name = "pytest-cov"
version = "4.1.0"
description = "Pytest plugin for measuring coverage."
optional = false
python-versions = ">=3.7"
groups = ["dev"]
files = [
    {file = "pytest-cov-4.1.0.tar.gz", hash = "sha256:3904b13dfbfec47f003b8e77fd5b589cd11904a21ddf1ab38a64f204d6a10ef6"},
    {file = "pytest_cov-4.1.0-py3-none-any.whl", hash = "sha256:6ba70b9e97e69fcc3fb45bfeab2d0a138fb65c4d0d6a41ef33983ad114be8c3a"},
]

[package.dependencies]
coverage = {version = ">=5.2.1", extras = ["toml"]}
pytest = ">=4.6"

[package.extras]
testing = ["fields", "hunter", "process-tests", "pytest-xdist", "six", "virtualenv"]

[[package]]
name = "pytest-mock"
version = "3.14.0"
description = "Thin-wrapper around the mock package for easier use with pytest"
optional = false
python-versions = ">=3.8"
groups = ["dev"]
files = [
    {file = "pytest-mock-3.14.0.tar.gz", hash = "sha256:2719255a1efeceadbc056d6bf3df3d1c5015530fb40cf347c0f9afac88410bd0"},
    {file = "pytest_mock-3.14.0-py3-none-any.whl", hash = "sha256:0b72c38033392a5f4621342fe11e9219ac11ec9d375f8e2a0c164539e0d70f6f"},
]

[package.dependencies]
pytest = ">=6.2.5"

[package.extras]
dev = ["pre-commit", "pytest-asyncio", "tox"]

[[package]]
name = "pytz"
version = "2025.2"
description = "World timezone definitions, modern and historical"
optional = false
python-versions = "*"
groups = ["main"]
files = [
    {file = "pytz-2025.2-py2.py3-none-any.whl", hash = "sha256:5ddf76296dd8c44c26eb8f4b6f35488f3ccbf6fbbd7adee0b7262d43f0ec2f00"},
    {file = "pytz-2025.2.tar.gz", hash = "sha256:360b9e3dbb49a209c21ad61809c7fb453643e048b38924c765813546746e81c3"},
]

[[package]]
name = "structlog"
version = "23.3.0"
description = "Structured Logging for Python"
optional = false
python-versions = ">=3.8"
groups = ["main"]
files = [
    {file = "structlog-23.3.0-py3-none-any.whl", hash = "sha256:d6922a88ceabef5b13b9eda9c4043624924f60edbb00397f4d193bd754cde60a"},
    {file = "structlog-23.3.0.tar.gz", hash = "sha256:24b42b914ac6bc4a4e6f716e82ac70d7fb1e8c3b1035a765591953bfc37101a5"},
]

[package.extras]
dev = ["structlog[tests,typing]"]
docs = ["furo", "myst-parser", "sphinx", "sphinx-notfound-page", "sphinxcontrib-mermaid", "sphinxext-opengraph", "twisted"]
tests = ["freezegun (>=0.2.8)", "pretend", "pytest (>=6.0)", "pytest-asyncio (>=0.17)", "simplejson"]
typing = ["mypy (>=1.4)", "rich", "twisted"]

[metadata]
lock-version = "2.1"
python-versions = "^3.11"
content-hash = "8b8eb2d04d9b5b0c773dc3574470a04fec2982ea89c399ae5e77a36a39765605"
