# generated by rye
# use `rye lock` or `rye sync` to update this lockfile
#
# last locked with the following flags:
#   pre: false
#   features: []
#   all-features: false
#   with-sources: false
#   generate-hashes: false
#   universal: true

-e file:.
bcrypt==4.3.0
    # via paramiko
certifi==2025.4.26
    # via requests
cffi==1.17.1
    # via cryptography
    # via pynacl
charset-normalizer==3.4.2
    # via requests
colorama==0.4.6 ; sys_platform == 'win32'
    # via pytest
cryptography==44.0.3
    # via paramiko
idna==3.10
    # via requests
iniconfig==2.1.0
    # via pytest
numpy==2.2.5
    # via pandas
    # via scipy
    # via seabreeze
    # via spcs-instruments
packaging==25.0
    # via pytest
pandas==2.2.3
    # via spcs-instruments
paramiko==3.5.1
    # via sshtunnel
pip==25.1.1
pluggy==1.5.0
    # via pytest
polars==1.29.0
    # via spcs-instruments
pycparser==2.22
    # via cffi
pynacl==1.5.0
    # via paramiko
pyserial==3.5
    # via spcs-instruments
pytest==8.3.5
python-dateutil==2.9.0.post0
    # via pandas
pytz==2025.2
    # via pandas
pyusb==1.3.1
    # via spcs-instruments
pyvisa==1.15.0
    # via pyvisa-py
    # via spcs-instruments
pyvisa-py==0.8.0
    # via spcs-instruments
requests==2.32.3
    # via spcs-instruments
rex-pycli==0.9.4
    # via spcs-instruments
scipy==1.15.3
    # via spcs-instruments
seabreeze==2.10.1
    # via spcs-instruments
six==1.17.0
    # via python-dateutil
sshtunnel==0.4.0
    # via spcs-instruments
toml==0.10.2
    # via spcs-instruments
typing-extensions==4.13.2
    # via pyvisa
    # via pyvisa-py
tzdata==2025.2
    # via pandas
urllib3==2.4.0
    # via requests
